
Microsoft Visual Studio Solution File, Format Version 12.00
# Visual Studio Version 17
VisualStudioVersion = 17.9.34622.214
MinimumVisualStudioVersion = 10.0.40219.1
Project("{FAE04EC0-301F-11D3-BF4B-00C04F79EFBC}") = "SQL_Database_MusicApp", "SQL_Database_MusicApp\SQL_Database_MusicApp.csproj", "{13AC745C-295B-4CD1-BB6A-C80828C28018}"
EndProject
Global
	GlobalSection(SolutionConfigurationPlatforms) = preSolution
		Debug|Any CPU = Debug|Any CPU
		Release|Any CPU = Release|Any CPU
	EndGlobalSection
	GlobalSection(ProjectConfigurationPlatforms) = postSolution
		{13AC745C-295B-4CD1-BB6A-C80828C28018}.Debug|Any CPU.ActiveCfg = Debug|Any CPU
		{13AC745C-295B-4CD1-BB6A-C80828C28018}.Debug|Any CPU.Build.0 = Debug|Any CPU
		{13AC745C-295B-4CD1-BB6A-C80828C28018}.Release|Any CPU.ActiveCfg = Release|Any CPU
		{13AC745C-295B-4CD1-BB6A-C80828C28018}.Release|Any CPU.Build.0 = Release|Any CPU
	EndGlobalSection
	GlobalSection(SolutionProperties) = preSolution
		HideSolutionNode = FALSE
	EndGlobalSection
	GlobalSection(ExtensibilityGlobals) = postSolution
		SolutionGuid = {398BD9FA-FC4F-4B99-8054-4267C1CE5CFC}
	EndGlobalSection
EndGlobal
